
Microsoft Visual Studio Solution File, Format Version 12.00
# Visual Studio Version 17
VisualStudioVersion = 17.7.34009.444
MinimumVisualStudioVersion = 10.0.40219.1
Project("{FAE04EC0-301F-11D3-BF4B-00C04F79EFBC}") = "Assignment 6_2", "Assignment 6_2\Assignment 6_2.csproj", "{FB07155E-CA10-4E4E-B836-F9EB7B26F079}"
EndProject
Global
	GlobalSection(SolutionConfigurationPlatforms) = preSolution
		Debug|Any CPU = Debug|Any CPU
		Release|Any CPU = Release|Any CPU
	EndGlobalSection
	GlobalSection(ProjectConfigurationPlatforms) = postSolution
		{FB07155E-CA10-4E4E-B836-F9EB7B26F079}.Debug|Any CPU.ActiveCfg = Debug|Any CPU
		{FB07155E-CA10-4E4E-B836-F9EB7B26F079}.Debug|Any CPU.Build.0 = Debug|Any CPU
		{FB07155E-CA10-4E4E-B836-F9EB7B26F079}.Release|Any CPU.ActiveCfg = Release|Any CPU
		{FB07155E-CA10-4E4E-B836-F9EB7B26F079}.Release|Any CPU.Build.0 = Release|Any CPU
	EndGlobalSection
	GlobalSection(SolutionProperties) = preSolution
		HideSolutionNode = FALSE
	EndGlobalSection
	GlobalSection(ExtensibilityGlobals) = postSolution
		SolutionGuid = {56C5681D-9FA2-477F-903D-B165274B32BA}
	EndGlobalSection
EndGlobal
